
Microsoft Visual Studio Solution File, Format Version 12.00
# Visual Studio Version 17
VisualStudioVersion = 17.10.35013.160
MinimumVisualStudioVersion = 10.0.40219.1
Project("{9A19103F-16F7-4668-BE54-9A1E7A4F7556}") = "BooksManagment.WebApi", "BooksManagment.WebApi.csproj", "{599EAE0F-4B1F-4C58-A03E-F58FE58E14A0}"
EndProject
Project("{9A19103F-16F7-4668-BE54-9A1E7A4F7556}") = "BooksManagment.BL", "..\BL\BooksManagment.BL.csproj", "{EAEFFA4B-570D-488E-A372-65B538E70ABE}"
EndProject
Project("{FAE04EC0-301F-11D3-BF4B-00C04F79EFBC}") = "BooksManagment.DAL", "..\BooksMangment.Dal\BooksManagment.DAL.csproj", "{D9014055-972F-44ED-B16F-F0026ECCCD27}"
EndProject
Project("{FAE04EC0-301F-11D3-BF4B-00C04F79EFBC}") = "BooksManagment.DataObjects", "..\BooksMangment.DataObjects\BooksManagment.DataObjects.csproj", "{1EAA3DED-DE51-4616-BECA-65304F9E97D4}"
EndProject
Global
	GlobalSection(SolutionConfigurationPlatforms) = preSolution
		Debug|Any CPU = Debug|Any CPU
		Release|Any CPU = Release|Any CPU
	EndGlobalSection
	GlobalSection(ProjectConfigurationPlatforms) = postSolution
		{599EAE0F-4B1F-4C58-A03E-F58FE58E14A0}.Debug|Any CPU.ActiveCfg = Debug|Any CPU
		{599EAE0F-4B1F-4C58-A03E-F58FE58E14A0}.Debug|Any CPU.Build.0 = Debug|Any CPU
		{599EAE0F-4B1F-4C58-A03E-F58FE58E14A0}.Release|Any CPU.ActiveCfg = Release|Any CPU
		{599EAE0F-4B1F-4C58-A03E-F58FE58E14A0}.Release|Any CPU.Build.0 = Release|Any CPU
		{EAEFFA4B-570D-488E-A372-65B538E70ABE}.Debug|Any CPU.ActiveCfg = Debug|Any CPU
		{EAEFFA4B-570D-488E-A372-65B538E70ABE}.Debug|Any CPU.Build.0 = Debug|Any CPU
		{EAEFFA4B-570D-488E-A372-65B538E70ABE}.Release|Any CPU.ActiveCfg = Release|Any CPU
		{EAEFFA4B-570D-488E-A372-65B538E70ABE}.Release|Any CPU.Build.0 = Release|Any CPU
		{D9014055-972F-44ED-B16F-F0026ECCCD27}.Debug|Any CPU.ActiveCfg = Debug|Any CPU
		{D9014055-972F-44ED-B16F-F0026ECCCD27}.Debug|Any CPU.Build.0 = Debug|Any CPU
		{D9014055-972F-44ED-B16F-F0026ECCCD27}.Release|Any CPU.ActiveCfg = Release|Any CPU
		{D9014055-972F-44ED-B16F-F0026ECCCD27}.Release|Any CPU.Build.0 = Release|Any CPU
		{1EAA3DED-DE51-4616-BECA-65304F9E97D4}.Debug|Any CPU.ActiveCfg = Debug|Any CPU
		{1EAA3DED-DE51-4616-BECA-65304F9E97D4}.Debug|Any CPU.Build.0 = Debug|Any CPU
		{1EAA3DED-DE51-4616-BECA-65304F9E97D4}.Release|Any CPU.ActiveCfg = Release|Any CPU
		{1EAA3DED-DE51-4616-BECA-65304F9E97D4}.Release|Any CPU.Build.0 = Release|Any CPU
	EndGlobalSection
	GlobalSection(SolutionProperties) = preSolution
		HideSolutionNode = FALSE
	EndGlobalSection
	GlobalSection(ExtensibilityGlobals) = postSolution
		SolutionGuid = {23B9BA6A-92F9-4D48-86EC-BA72DC49BDE0}
	EndGlobalSection
EndGlobal
